// !$*UTF8*$!
{
	archiveVersion = 1;
	classes = {
	};
	objectVersion = 50;
	objects = {

/* Begin PBXBuildFile section */
		D12BD6E8253FB41400A7278A /* AppDelegate.swift in Sources */ = {isa = PBXBuildFile; fileRef = D12BD6E7253FB41400A7278A /* AppDelegate.swift */; };
		D12BD6EA253FB41400A7278A /* SceneDelegate.swift in Sources */ = {isa = PBXBuildFile; fileRef = D12BD6E9253FB41400A7278A /* SceneDelegate.swift */; };
		D12BD6EC253FB41400A7278A /* ViewController.swift in Sources */ = {isa = PBXBuildFile; fileRef = D12BD6EB253FB41400A7278A /* ViewController.swift */; };
		D12BD6EF253FB41400A7278A /* Main.storyboard in Resources */ = {isa = PBXBuildFile; fileRef = D12BD6ED253FB41400A7278A /* Main.storyboard */; };
		D12BD6F1253FB41500A7278A /* Assets.xcassets in Resources */ = {isa = PBXBuildFile; fileRef = D12BD6F0253FB41500A7278A /* Assets.xcassets */; };
		D12BD6F4253FB41500A7278A /* LaunchScreen.storyboard in Resources */ = {isa = PBXBuildFile; fileRef = D12BD6F2253FB41500A7278A /* LaunchScreen.storyboard */; };
		D12BD6FF253FB41500A7278A /* AutoLayoutTests.swift in Sources */ = {isa = PBXBuildFile; fileRef = D12BD6FE253FB41500A7278A /* AutoLayoutTests.swift */; };
		D12BD70A253FB41500A7278A /* AutoLayoutUITests.swift in Sources */ = {isa = PBXBuildFile; fileRef = D12BD709253FB41500A7278A /* AutoLayoutUITests.swift */; };
		D155D58525420307008A4E85 /* UIButton+AdicionarBordas.swift in Sources */ = {isa = PBXBuildFile; fileRef = D155D58425420307008A4E85 /* UIButton+AdicionarBordas.swift */; };
/* End PBXBuildFile section */

/* Begin PBXContainerItemProxy section */
		D12BD6FB253FB41500A7278A /* PBXContainerItemProxy */ = {
			isa = PBXContainerItemProxy;
			containerPortal = D12BD6DC253FB41400A7278A /* Project object */;
			proxyType = 1;
			remoteGlobalIDString = D12BD6E3253FB41400A7278A;
			remoteInfo = AutoLayout;
		};
		D12BD706253FB41500A7278A /* PBXContainerItemProxy */ = {
			isa = PBXContainerItemProxy;
			containerPortal = D12BD6DC253FB41400A7278A /* Project object */;
			proxyType = 1;
			remoteGlobalIDString = D12BD6E3253FB41400A7278A;
			remoteInfo = AutoLayout;
		};
/* End PBXContainerItemProxy section */

/* Begin PBXFileReference section */
		D12BD6E4253FB41400A7278A /* AutoLayout.app */ = {isa = PBXFileReference; explicitFileType = wrapper.application; includeInIndex = 0; path = AutoLayout.app; sourceTree = BUILT_PRODUCTS_DIR; };
		D12BD6E7253FB41400A7278A /* AppDelegate.swift */ = {isa = PBXFileReference; lastKnownFileType = sourcecode.swift; path = AppDelegate.swift; sourceTree = "<group>"; };
		D12BD6E9253FB41400A7278A /* SceneDelegate.swift */ = {isa = PBXFileReference; lastKnownFileType = sourcecode.swift; path = SceneDelegate.swift; sourceTree = "<group>"; };
		D12BD6EB253FB41400A7278A /* ViewController.swift */ = {isa = PBXFileReference; lastKnownFileType = sourcecode.swift; path = ViewController.swift; sourceTree = "<group>"; };
		D12BD6EE253FB41400A7278A /* Base */ = {isa = PBXFileReference; lastKnownFileType = file.storyboard; name = Base; path = Base.lproj/Main.storyboard; sourceTree = "<group>"; };
		D12BD6F0253FB41500A7278A /* Assets.xcassets */ = {isa = PBXFileReference; lastKnownFileType = folder.assetcatalog; path = Assets.xcassets; sourceTree = "<group>"; };
		D12BD6F3253FB41500A7278A /* Base */ = {isa = PBXFileReference; lastKnownFileType = file.storyboard; name = Base; path = Base.lproj/LaunchScreen.storyboard; sourceTree = "<group>"; };
		D12BD6F5253FB41500A7278A /* Info.plist */ = {isa = PBXFileReference; lastKnownFileType = text.plist.xml; path = Info.plist; sourceTree = "<group>"; };
		D12BD6FA253FB41500A7278A /* AutoLayoutTests.xctest */ = {isa = PBXFileReference; explicitFileType = wrapper.cfbundle; includeInIndex = 0; path = AutoLayoutTests.xctest; sourceTree = BUILT_PRODUCTS_DIR; };
		D12BD6FE253FB41500A7278A /* AutoLayoutTests.swift */ = {isa = PBXFileReference; lastKnownFileType = sourcecode.swift; path = AutoLayoutTests.swift; sourceTree = "<group>"; };
		D12BD700253FB41500A7278A /* Info.plist */ = {isa = PBXFileReference; lastKnownFileType = text.plist.xml; path = Info.plist; sourceTree = "<group>"; };
		D12BD705253FB41500A7278A /* AutoLayoutUITests.xctest */ = {isa = PBXFileReference; explicitFileType = wrapper.cfbundle; includeInIndex = 0; path = AutoLayoutUITests.xctest; sourceTree = BUILT_PRODUCTS_DIR; };
		D12BD709253FB41500A7278A /* AutoLayoutUITests.swift */ = {isa = PBXFileReference; lastKnownFileType = sourcecode.swift; path = AutoLayoutUITests.swift; sourceTree = "<group>"; };
		D12BD70B253FB41500A7278A /* Info.plist */ = {isa = PBXFileReference; lastKnownFileType = text.plist.xml; path = Info.plist; sourceTree = "<group>"; };
		D155D58425420307008A4E85 /* UIButton+AdicionarBordas.swift */ = {isa = PBXFileReference; lastKnownFileType = sourcecode.swift; path = "UIButton+AdicionarBordas.swift"; sourceTree = "<group>"; };
/* End PBXFileReference section */

/* Begin PBXFrameworksBuildPhase section */
		D12BD6E1253FB41400A7278A /* Frameworks */ = {
			isa = PBXFrameworksBuildPhase;
			buildActionMask = 2147483647;
			files = (
			);
			runOnlyForDeploymentPostprocessing = 0;
		};
		D12BD6F7253FB41500A7278A /* Frameworks */ = {
			isa = PBXFrameworksBuildPhase;
			buildActionMask = 2147483647;
			files = (
			);
			runOnlyForDeploymentPostprocessing = 0;
		};
		D12BD702253FB41500A7278A /* Frameworks */ = {
			isa = PBXFrameworksBuildPhase;
			buildActionMask = 2147483647;
			files = (
			);
			runOnlyForDeploymentPostprocessing = 0;
		};
/* End PBXFrameworksBuildPhase section */

/* Begin PBXGroup section */
		D12BD6DB253FB41400A7278A = {
			isa = PBXGroup;
			children = (
				D12BD6E6253FB41400A7278A /* AutoLayout */,
				D12BD6FD253FB41500A7278A /* AutoLayoutTests */,
				D12BD708253FB41500A7278A /* AutoLayoutUITests */,
				D12BD6E5253FB41400A7278A /* Products */,
			);
			sourceTree = "<group>";
		};
		D12BD6E5253FB41400A7278A /* Products */ = {
			isa = PBXGroup;
			children = (
				D12BD6E4253FB41400A7278A /* AutoLayout.app */,
				D12BD6FA253FB41500A7278A /* AutoLayoutTests.xctest */,
				D12BD705253FB41500A7278A /* AutoLayoutUITests.xctest */,
			);
			name = Products;
			sourceTree = "<group>";
		};
		D12BD6E6253FB41400A7278A /* AutoLayout */ = {
			isa = PBXGroup;
			children = (
				D155D583254202C4008A4E85 /* Extensoes */,
				D12BD6E7253FB41400A7278A /* AppDelegate.swift */,
				D12BD6E9253FB41400A7278A /* SceneDelegate.swift */,
				D12BD6EB253FB41400A7278A /* ViewController.swift */,
				D12BD6ED253FB41400A7278A /* Main.storyboard */,
				D12BD6F0253FB41500A7278A /* Assets.xcassets */,
				D12BD6F2253FB41500A7278A /* LaunchScreen.storyboard */,
				D12BD6F5253FB41500A7278A /* Info.plist */,
			);
			path = AutoLayout;
			sourceTree = "<group>";
		};
		D12BD6FD253FB41500A7278A /* AutoLayoutTests */ = {
			isa = PBXGroup;
			children = (
				D12BD6FE253FB41500A7278A /* AutoLayoutTests.swift */,
				D12BD700253FB41500A7278A /* Info.plist */,
			);
			path = AutoLayoutTests;
			sourceTree = "<group>";
		};
		D12BD708253FB41500A7278A /* AutoLayoutUITests */ = {
			isa = PBXGroup;
			children = (
				D12BD709253FB41500A7278A /* AutoLayoutUITests.swift */,
				D12BD70B253FB41500A7278A /* Info.plist */,
			);
			path = AutoLayoutUITests;
			sourceTree = "<group>";
		};
		D155D583254202C4008A4E85 /* Extensoes */ = {
			isa = PBXGroup;
			children = (
				D155D58425420307008A4E85 /* UIButton+AdicionarBordas.swift */,
			);
			path = Extensoes;
			sourceTree = "<group>";
		};
/* End PBXGroup section */

/* Begin PBXNativeTarget section */
		D12BD6E3253FB41400A7278A /* AutoLayout */ = {
			isa = PBXNativeTarget;
			buildConfigurationList = D12BD70E253FB41500A7278A /* Build configuration list for PBXNativeTarget "AutoLayout" */;
			buildPhases = (
				D12BD6E0253FB41400A7278A /* Sources */,
				D12BD6E1253FB41400A7278A /* Frameworks */,
				D12BD6E2253FB41400A7278A /* Resources */,
			);
			buildRules = (
			);
			dependencies = (
			);
			name = AutoLayout;
			productName = AutoLayout;
			productReference = D12BD6E4253FB41400A7278A /* AutoLayout.app */;
			productType = "com.apple.product-type.application";
		};
		D12BD6F9253FB41500A7278A /* AutoLayoutTests */ = {
			isa = PBXNativeTarget;
			buildConfigurationList = D12BD711253FB41500A7278A /* Build configuration list for PBXNativeTarget "AutoLayoutTests" */;
			buildPhases = (
				D12BD6F6253FB41500A7278A /* Sources */,
				D12BD6F7253FB41500A7278A /* Frameworks */,
				D12BD6F8253FB41500A7278A /* Resources */,
			);
			buildRules = (
			);
			dependencies = (
				D12BD6FC253FB41500A7278A /* PBXTargetDependency */,
			);
			name = AutoLayoutTests;
			productName = AutoLayoutTests;
			productReference = D12BD6FA253FB41500A7278A /* AutoLayoutTests.xctest */;
			productType = "com.apple.product-type.bundle.unit-test";
		};
		D12BD704253FB41500A7278A /* AutoLayoutUITests */ = {
			isa = PBXNativeTarget;
			buildConfigurationList = D12BD714253FB41500A7278A /* Build configuration list for PBXNativeTarget "AutoLayoutUITests" */;
			buildPhases = (
				D12BD701253FB41500A7278A /* Sources */,
				D12BD702253FB41500A7278A /* Frameworks */,
				D12BD703253FB41500A7278A /* Resources */,
			);
			buildRules = (
			);
			dependencies = (
				D12BD707253FB41500A7278A /* PBXTargetDependency */,
			);
			name = AutoLayoutUITests;
			productName = AutoLayoutUITests;
			productReference = D12BD705253FB41500A7278A /* AutoLayoutUITests.xctest */;
			productType = "com.apple.product-type.bundle.ui-testing";
		};
/* End PBXNativeTarget section */

/* Begin PBXProject section */
		D12BD6DC253FB41400A7278A /* Project object */ = {
			isa = PBXProject;
			attributes = {
				LastSwiftUpdateCheck = 1200;
				LastUpgradeCheck = 1200;
				TargetAttributes = {
					D12BD6E3253FB41400A7278A = {
						CreatedOnToolsVersion = 12.0.1;
					};
					D12BD6F9253FB41500A7278A = {
						CreatedOnToolsVersion = 12.0.1;
						TestTargetID = D12BD6E3253FB41400A7278A;
					};
					D12BD704253FB41500A7278A = {
						CreatedOnToolsVersion = 12.0.1;
						TestTargetID = D12BD6E3253FB41400A7278A;
					};
				};
			};
			buildConfigurationList = D12BD6DF253FB41400A7278A /* Build configuration list for PBXProject "AutoLayout" */;
			compatibilityVersion = "Xcode 9.3";
			developmentRegion = en;
			hasScannedForEncodings = 0;
			knownRegions = (
				en,
				Base,
			);
			mainGroup = D12BD6DB253FB41400A7278A;
			productRefGroup = D12BD6E5253FB41400A7278A /* Products */;
			projectDirPath = "";
			projectRoot = "";
			targets = (
				D12BD6E3253FB41400A7278A /* AutoLayout */,
				D12BD6F9253FB41500A7278A /* AutoLayoutTests */,
				D12BD704253FB41500A7278A /* AutoLayoutUITests */,
			);
		};
/* End PBXProject section */

/* Begin PBXResourcesBuildPhase section */
		D12BD6E2253FB41400A7278A /* Resources */ = {
			isa = PBXResourcesBuildPhase;
			buildActionMask = 2147483647;
			files = (
				D12BD6F4253FB41500A7278A /* LaunchScreen.storyboard in Resources */,
				D12BD6F1253FB41500A7278A /* Assets.xcassets in Resources */,
				D12BD6EF253FB41400A7278A /* Main.storyboard in Resources */,
			);
			runOnlyForDeploymentPostprocessing = 0;
		};
		D12BD6F8253FB41500A7278A /* Resources */ = {
			isa = PBXResourcesBuildPhase;
			buildActionMask = 2147483647;
			files = (
			);
			runOnlyForDeploymentPostprocessing = 0;
		};
		D12BD703253FB41500A7278A /* Resources */ = {
			isa = PBXResourcesBuildPhase;
			buildActionMask = 2147483647;
			files = (
			);
			runOnlyForDeploymentPostprocessing = 0;
		};
/* End PBXResourcesBuildPhase section */

/* Begin PBXSourcesBuildPhase section */
		D12BD6E0253FB41400A7278A /* Sources */ = {
			isa = PBXSourcesBuildPhase;
			buildActionMask = 2147483647;
			files = (
				D12BD6EC253FB41400A7278A /* ViewController.swift in Sources */,
				D12BD6E8253FB41400A7278A /* AppDelegate.swift in Sources */,
				D12BD6EA253FB41400A7278A /* SceneDelegate.swift in Sources */,
				D155D58525420307008A4E85 /* UIButton+AdicionarBordas.swift in Sources */,
			);
			runOnlyForDeploymentPostprocessing = 0;
		};
		D12BD6F6253FB41500A7278A /* Sources */ = {
			isa = PBXSourcesBuildPhase;
			buildActionMask = 2147483647;
			files = (
				D12BD6FF253FB41500A7278A /* AutoLayoutTests.swift in Sources */,
			);
			runOnlyForDeploymentPostprocessing = 0;
		};
		D12BD701253FB41500A7278A /* Sources */ = {
			isa = PBXSourcesBuildPhase;
			buildActionMask = 2147483647;
			files = (
				D12BD70A253FB41500A7278A /* AutoLayoutUITests.swift in Sources */,
			);
			runOnlyForDeploymentPostprocessing = 0;
		};
/* End PBXSourcesBuildPhase section */

/* Begin PBXTargetDependency section */
		D12BD6FC253FB41500A7278A /* PBXTargetDependency */ = {
			isa = PBXTargetDependency;
			target = D12BD6E3253FB41400A7278A /* AutoLayout */;
			targetProxy = D12BD6FB253FB41500A7278A /* PBXContainerItemProxy */;
		};
		D12BD707253FB41500A7278A /* PBXTargetDependency */ = {
			isa = PBXTargetDependency;
			target = D12BD6E3253FB41400A7278A /* AutoLayout */;
			targetProxy = D12BD706253FB41500A7278A /* PBXContainerItemProxy */;
		};
/* End PBXTargetDependency section */

/* Begin PBXVariantGroup section */
		D12BD6ED253FB41400A7278A /* Main.storyboard */ = {
			isa = PBXVariantGroup;
			children = (
				D12BD6EE253FB41400A7278A /* Base */,
			);
			name = Main.storyboard;
			sourceTree = "<group>";
		};
		D12BD6F2253FB41500A7278A /* LaunchScreen.storyboard */ = {
			isa = PBXVariantGroup;
			children = (
				D12BD6F3253FB41500A7278A /* Base */,
			);
			name = LaunchScreen.storyboard;
			sourceTree = "<group>";
		};
/* End PBXVariantGroup section */

/* Begin XCBuildConfiguration section */
		D12BD70C253FB41500A7278A /* Debug */ = {
			isa = XCBuildConfiguration;
			buildSettings = {
				ALWAYS_SEARCH_USER_PATHS = NO;
				CLANG_ANALYZER_NONNULL = YES;
				CLANG_ANALYZER_NUMBER_OBJECT_CONVERSION = YES_AGGRESSIVE;
				CLANG_CXX_LANGUAGE_STANDARD = "gnu++14";
				CLANG_CXX_LIBRARY = "libc++";
				CLANG_ENABLE_MODULES = YES;
				CLANG_ENABLE_OBJC_ARC = YES;
				CLANG_ENABLE_OBJC_WEAK = YES;
				CLANG_WARN_BLOCK_CAPTURE_AUTORELEASING = YES;
				CLANG_WARN_BOOL_CONVERSION = YES;
				CLANG_WARN_COMMA = YES;
				CLANG_WARN_CONSTANT_CONVERSION = YES;
				CLANG_WARN_DEPRECATED_OBJC_IMPLEMENTATIONS = YES;
				CLANG_WARN_DIRECT_OBJC_ISA_USAGE = YES_ERROR;
				CLANG_WARN_DOCUMENTATION_COMMENTS = YES;
				CLANG_WARN_EMPTY_BODY = YES;
				CLANG_WARN_ENUM_CONVERSION = YES;
				CLANG_WARN_INFINITE_RECURSION = YES;
				CLANG_WARN_INT_CONVERSION = YES;
				CLANG_WARN_NON_LITERAL_NULL_CONVERSION = YES;
				CLANG_WARN_OBJC_IMPLICIT_RETAIN_SELF = YES;
				CLANG_WARN_OBJC_LITERAL_CONVERSION = YES;
				CLANG_WARN_OBJC_ROOT_CLASS = YES_ERROR;
				CLANG_WARN_QUOTED_INCLUDE_IN_FRAMEWORK_HEADER = YES;
				CLANG_WARN_RANGE_LOOP_ANALYSIS = YES;
				CLANG_WARN_STRICT_PROTOTYPES = YES;
				CLANG_WARN_SUSPICIOUS_MOVE = YES;
				CLANG_WARN_UNGUARDED_AVAILABILITY = YES_AGGRESSIVE;
				CLANG_WARN_UNREACHABLE_CODE = YES;
				CLANG_WARN__DUPLICATE_METHOD_MATCH = YES;
				COPY_PHASE_STRIP = NO;
				DEBUG_INFORMATION_FORMAT = dwarf;
				ENABLE_STRICT_OBJC_MSGSEND = YES;
				ENABLE_TESTABILITY = YES;
				GCC_C_LANGUAGE_STANDARD = gnu11;
				GCC_DYNAMIC_NO_PIC = NO;
				GCC_NO_COMMON_BLOCKS = YES;
				GCC_OPTIMIZATION_LEVEL = 0;
				GCC_PREPROCESSOR_DEFINITIONS = (
					"DEBUG=1",
					"$(inherited)",
				);
				GCC_WARN_64_TO_32_BIT_CONVERSION = YES;
				GCC_WARN_ABOUT_RETURN_TYPE = YES_ERROR;
				GCC_WARN_UNDECLARED_SELECTOR = YES;
				GCC_WARN_UNINITIALIZED_AUTOS = YES_AGGRESSIVE;
				GCC_WARN_UNUSED_FUNCTION = YES;
				GCC_WARN_UNUSED_VARIABLE = YES;
				IPHONEOS_DEPLOYMENT_TARGET = 14.0;
				MTL_ENABLE_DEBUG_INFO = INCLUDE_SOURCE;
				MTL_FAST_MATH = YES;
				ONLY_ACTIVE_ARCH = YES;
				SDKROOT = iphoneos;
				SWIFT_ACTIVE_COMPILATION_CONDITIONS = DEBUG;
				SWIFT_OPTIMIZATION_LEVEL = "-Onone";
			};
			name = Debug;
		};
		D12BD70D253FB41500A7278A /* Release */ = {
			isa = XCBuildConfiguration;
			buildSettings = {
				ALWAYS_SEARCH_USER_PATHS = NO;
				CLANG_ANALYZER_NONNULL = YES;
				CLANG_ANALYZER_NUMBER_OBJECT_CONVERSION = YES_AGGRESSIVE;
				CLANG_CXX_LANGUAGE_STANDARD = "gnu++14";
				CLANG_CXX_LIBRARY = "libc++";
				CLANG_ENABLE_MODULES = YES;
				CLANG_ENABLE_OBJC_ARC = YES;
				CLANG_ENABLE_OBJC_WEAK = YES;
				CLANG_WARN_BLOCK_CAPTURE_AUTORELEASING = YES;
				CLANG_WARN_BOOL_CONVERSION = YES;
				CLANG_WARN_COMMA = YES;
				CLANG_WARN_CONSTANT_CONVERSION = YES;
				CLANG_WARN_DEPRECATED_OBJC_IMPLEMENTATIONS = YES;
				CLANG_WARN_DIRECT_OBJC_ISA_USAGE = YES_ERROR;
				CLANG_WARN_DOCUMENTATION_COMMENTS = YES;
				CLANG_WARN_EMPTY_BODY = YES;
				CLANG_WARN_ENUM_CONVERSION = YES;
				CLANG_WARN_INFINITE_RECURSION = YES;
				CLANG_WARN_INT_CONVERSION = YES;
				CLANG_WARN_NON_LITERAL_NULL_CONVERSION = YES;
				CLANG_WARN_OBJC_IMPLICIT_RETAIN_SELF = YES;
				CLANG_WARN_OBJC_LITERAL_CONVERSION = YES;
				CLANG_WARN_OBJC_ROOT_CLASS = YES_ERROR;
				CLANG_WARN_QUOTED_INCLUDE_IN_FRAMEWORK_HEADER = YES;
				CLANG_WARN_RANGE_LOOP_ANALYSIS = YES;
				CLANG_WARN_STRICT_PROTOTYPES = YES;
				CLANG_WARN_SUSPICIOUS_MOVE = YES;
				CLANG_WARN_UNGUARDED_AVAILABILITY = YES_AGGRESSIVE;
				CLANG_WARN_UNREACHABLE_CODE = YES;
				CLANG_WARN__DUPLICATE_METHOD_MATCH = YES;
				COPY_PHASE_STRIP = NO;
				DEBUG_INFORMATION_FORMAT = "dwarf-with-dsym";
				ENABLE_NS_ASSERTIONS = NO;
				ENABLE_STRICT_OBJC_MSGSEND = YES;
				GCC_C_LANGUAGE_STANDARD = gnu11;
				GCC_NO_COMMON_BLOCKS = YES;
				GCC_WARN_64_TO_32_BIT_CONVERSION = YES;
				GCC_WARN_ABOUT_RETURN_TYPE = YES_ERROR;
				GCC_WARN_UNDECLARED_SELECTOR = YES;
				GCC_WARN_UNINITIALIZED_AUTOS = YES_AGGRESSIVE;
				GCC_WARN_UNUSED_FUNCTION = YES;
				GCC_WARN_UNUSED_VARIABLE = YES;
				IPHONEOS_DEPLOYMENT_TARGET = 14.0;
				MTL_ENABLE_DEBUG_INFO = NO;
				MTL_FAST_MATH = YES;
				SDKROOT = iphoneos;
				SWIFT_COMPILATION_MODE = wholemodule;
				SWIFT_OPTIMIZATION_LEVEL = "-O";
				VALIDATE_PRODUCT = YES;
			};
			name = Release;
		};
		D12BD70F253FB41500A7278A /* Debug */ = {
			isa = XCBuildConfiguration;
			buildSettings = {
				ASSETCATALOG_COMPILER_APPICON_NAME = AppIcon;
				ASSETCATALOG_COMPILER_GLOBAL_ACCENT_COLOR_NAME = AccentColor;
				CODE_SIGN_STYLE = Automatic;
				DEVELOPMENT_TEAM = 6VH6Z2K8J7;
				INFOPLIST_FILE = AutoLayout/Info.plist;
				LD_RUNPATH_SEARCH_PATHS = (
					"$(inherited)",
					"@executable_path/Frameworks",
				);
				PRODUCT_BUNDLE_IDENTIFIER = br.com.cwi.treinamento.ricardo.AutoLayout;
				PRODUCT_NAME = "$(TARGET_NAME)";
				SWIFT_VERSION = 5.0;
				TARGETED_DEVICE_FAMILY = "1,2";
			};
			name = Debug;
		};
		D12BD710253FB41500A7278A /* Release */ = {
			isa = XCBuildConfiguration;
			buildSettings = {
				ASSETCATALOG_COMPILER_APPICON_NAME = AppIcon;
				ASSETCATALOG_COMPILER_GLOBAL_ACCENT_COLOR_NAME = AccentColor;
				CODE_SIGN_STYLE = Automatic;
				DEVELOPMENT_TEAM = 6VH6Z2K8J7;
				INFOPLIST_FILE = AutoLayout/Info.plist;
				LD_RUNPATH_SEARCH_PATHS = (
					"$(inherited)",
					"@executable_path/Frameworks",
				);
				PRODUCT_BUNDLE_IDENTIFIER = br.com.cwi.treinamento.ricardo.AutoLayout;
				PRODUCT_NAME = "$(TARGET_NAME)";
				SWIFT_VERSION = 5.0;
				TARGETED_DEVICE_FAMILY = "1,2";
			};
			name = Release;
		};
		D12BD712253FB41500A7278A /* Debug */ = {
			isa = XCBuildConfiguration;
			buildSettings = {
				ALWAYS_EMBED_SWIFT_STANDARD_LIBRARIES = YES;
				BUNDLE_LOADER = "$(TEST_HOST)";
				CODE_SIGN_STYLE = Automatic;
				DEVELOPMENT_TEAM = 6VH6Z2K8J7;
				INFOPLIST_FILE = AutoLayoutTests/Info.plist;
				IPHONEOS_DEPLOYMENT_TARGET = 14.0;
				LD_RUNPATH_SEARCH_PATHS = (
					"$(inherited)",
					"@executable_path/Frameworks",
					"@loader_path/Frameworks",
				);
				PRODUCT_BUNDLE_IDENTIFIER = br.com.cwi.treinamento.ricardo.AutoLayoutTests;
				PRODUCT_NAME = "$(TARGET_NAME)";
				SWIFT_VERSION = 5.0;
				TARGETED_DEVICE_FAMILY = "1,2";
				TEST_HOST = "$(BUILT_PRODUCTS_DIR)/AutoLayout.app/AutoLayout";
			};
			name = Debug;
		};
		D12BD713253FB41500A7278A /* Release */ = {
			isa = XCBuildConfiguration;
			buildSettings = {
				ALWAYS_EMBED_SWIFT_STANDARD_LIBRARIES = YES;
				BUNDLE_LOADER = "$(TEST_HOST)";
				CODE_SIGN_STYLE = Automatic;
				DEVELOPMENT_TEAM = 6VH6Z2K8J7;
				INFOPLIST_FILE = AutoLayoutTests/Info.plist;
				IPHONEOS_DEPLOYMENT_TARGET = 14.0;
				LD_RUNPATH_SEARCH_PATHS = (
					"$(inherited)",
					"@executable_path/Frameworks",
					"@loader_path/Frameworks",
				);
				PRODUCT_BUNDLE_IDENTIFIER = br.com.cwi.treinamento.ricardo.AutoLayoutTests;
				PRODUCT_NAME = "$(TARGET_NAME)";
				SWIFT_VERSION = 5.0;
				TARGETED_DEVICE_FAMILY = "1,2";
				TEST_HOST = "$(BUILT_PRODUCTS_DIR)/AutoLayout.app/AutoLayout";
			};
			name = Release;
		};
		D12BD715253FB41500A7278A /* Debug */ = {
			isa = XCBuildConfiguration;
			buildSettings = {
				ALWAYS_EMBED_SWIFT_STANDARD_LIBRARIES = YES;
				CODE_SIGN_STYLE = Automatic;
				DEVELOPMENT_TEAM = 6VH6Z2K8J7;
				INFOPLIST_FILE = AutoLayoutUITests/Info.plist;
				LD_RUNPATH_SEARCH_PATHS = (
					"$(inherited)",
					"@executable_path/Frameworks",
					"@loader_path/Frameworks",
				);
				PRODUCT_BUNDLE_IDENTIFIER = br.com.cwi.treinamento.ricardo.AutoLayoutUITests;
				PRODUCT_NAME = "$(TARGET_NAME)";
				SWIFT_VERSION = 5.0;
				TARGETED_DEVICE_FAMILY = "1,2";
				TEST_TARGET_NAME = AutoLayout;
			};
			name = Debug;
		};
		D12BD716253FB41500A7278A /* Release */ = {
			isa = XCBuildConfiguration;
			buildSettings = {
				ALWAYS_EMBED_SWIFT_STANDARD_LIBRARIES = YES;
				CODE_SIGN_STYLE = Automatic;
				DEVELOPMENT_TEAM = 6VH6Z2K8J7;
				INFOPLIST_FILE = AutoLayoutUITests/Info.plist;
				LD_RUNPATH_SEARCH_PATHS = (
					"$(inherited)",
					"@executable_path/Frameworks",
					"@loader_path/Frameworks",
				);
				PRODUCT_BUNDLE_IDENTIFIER = br.com.cwi.treinamento.ricardo.AutoLayoutUITests;
				PRODUCT_NAME = "$(TARGET_NAME)";
				SWIFT_VERSION = 5.0;
				TARGETED_DEVICE_FAMILY = "1,2";
				TEST_TARGET_NAME = AutoLayout;
			};
			name = Release;
		};
/* End XCBuildConfiguration section */

/* Begin XCConfigurationList section */
		D12BD6DF253FB41400A7278A /* Build configuration list for PBXProject "AutoLayout" */ = {
			isa = XCConfigurationList;
			buildConfigurations = (
				D12BD70C253FB41500A7278A /* Debug */,
				D12BD70D253FB41500A7278A /* Release */,
			);
			defaultConfigurationIsVisible = 0;
			defaultConfigurationName = Release;
		};
		D12BD70E253FB41500A7278A /* Build configuration list for PBXNativeTarget "AutoLayout" */ = {
			isa = XCConfigurationList;
			buildConfigurations = (
				D12BD70F253FB41500A7278A /* Debug */,
				D12BD710253FB41500A7278A /* Release */,
			);
			defaultConfigurationIsVisible = 0;
			defaultConfigurationName = Release;
		};
		D12BD711253FB41500A7278A /* Build configuration list for PBXNativeTarget "AutoLayoutTests" */ = {
			isa = XCConfigurationList;
			buildConfigurations = (
				D12BD712253FB41500A7278A /* Debug */,
				D12BD713253FB41500A7278A /* Release */,
			);
			defaultConfigurationIsVisible = 0;
			defaultConfigurationName = Release;
		};
		D12BD714253FB41500A7278A /* Build configuration list for PBXNativeTarget "AutoLayoutUITests" */ = {
			isa = XCConfigurationList;
			buildConfigurations = (
				D12BD715253FB41500A7278A /* Debug */,
				D12BD716253FB41500A7278A /* Release */,
			);
			defaultConfigurationIsVisible = 0;
			defaultConfigurationName = Release;
		};
/* End XCConfigurationList section */
	};
	rootObject = D12BD6DC253FB41400A7278A /* Project object */;
}
